
Microsoft Visual Studio Solution File, Format Version 12.00
# Visual Studio Version 17
VisualStudioVersion = 17.8.34322.80
MinimumVisualStudioVersion = 10.0.40219.1
Project("{FAE04EC0-301F-11D3-BF4B-00C04F79EFBC}") = "TcpTeamChatClassLibrary", "TcpTeamChatClassLibrary\TcpTeamChatClassLibrary.csproj", "{F7D990DD-8226-4505-8D22-19EBD0218DD9}"
EndProject
Global
	GlobalSection(SolutionConfigurationPlatforms) = preSolution
		Debug|Any CPU = Debug|Any CPU
		Release|Any CPU = Release|Any CPU
	EndGlobalSection
	GlobalSection(ProjectConfigurationPlatforms) = postSolution
		{F7D990DD-8226-4505-8D22-19EBD0218DD9}.Debug|Any CPU.ActiveCfg = Debug|Any CPU
		{F7D990DD-8226-4505-8D22-19EBD0218DD9}.Debug|Any CPU.Build.0 = Debug|Any CPU
		{F7D990DD-8226-4505-8D22-19EBD0218DD9}.Release|Any CPU.ActiveCfg = Release|Any CPU
		{F7D990DD-8226-4505-8D22-19EBD0218DD9}.Release|Any CPU.Build.0 = Release|Any CPU
	EndGlobalSection
	GlobalSection(SolutionProperties) = preSolution
		HideSolutionNode = FALSE
	EndGlobalSection
	GlobalSection(ExtensibilityGlobals) = postSolution
		SolutionGuid = {98635E1B-6094-467B-8C83-7C47C46AC5F8}
	EndGlobalSection
EndGlobal
